PODS:
  - Alamofire (4.9.1)
  - PKHUD (5.3.0)

DEPENDENCIES:
  - Alamofire
  - PKHUD (~> 5.0)

SPEC REPOS:
  trunk:
    - Alamofire
    - PKHUD

SPEC CHECKSUMS:
  Alamofire: 85e8a02c69d6020a0d734f6054870d7ecb75cf18
  PKHUD: 98f3e4bc904b9c916f1c5bb6d765365b5357291b

PODFILE CHECKSUM: 81315a2cde30309dacb97d12075e26bb15f5f6a5

COCOAPODS: 1.8.4
