// !$*UTF8*$!
{
	archiveVersion = 1;
	classes = {
	};
	objectVersion = 51;
	objects = {

/* Begin PBXBuildFile section */
		59D7C63221337F405A56E23B /* Pods_CNBlog.framework in Frameworks */ = {isa = PBXBuildFile; fileRef = B47E71AFE955F49C1971C568 /* Pods_CNBlog.framework */; };
		8416AC65236DD7F9003BF380 /* AppDelegate.swift in Sources */ = {isa = PBXBuildFile; fileRef = 8416AC64236DD7F9003BF380 /* AppDelegate.swift */; };
		8416AC6C236DD7F9003BF380 /* Main.storyboard in Resources */ = {isa = PBXBuildFile; fileRef = 8416AC6A236DD7F9003BF380 /* Main.storyboard */; };
		8416AC6E236DD7FB003BF380 /* Assets.xcassets in Resources */ = {isa = PBXBuildFile; fileRef = 8416AC6D236DD7FB003BF380 /* Assets.xcassets */; };
		8416AC71236DD7FB003BF380 /* LaunchScreen.storyboard in Resources */ = {isa = PBXBuildFile; fileRef = 8416AC6F236DD7FB003BF380 /* LaunchScreen.storyboard */; };
		844183AE236F1C9F006C344F /* MainViewController.swift in Sources */ = {isa = PBXBuildFile; fileRef = 844183AD236F1C9F006C344F /* MainViewController.swift */; };
		844183C423707F6A006C344F /* CNBlog.h in Headers */ = {isa = PBXBuildFile; fileRef = 844183C223707F6A006C344F /* CNBlog.h */; settings = {ATTRIBUTES = (Public, ); }; };
		844183C723707F6A006C344F /* CNBlog.framework in Frameworks */ = {isa = PBXBuildFile; fileRef = 844183C023707F6A006C344F /* CNBlog.framework */; };
		844183C823707F6A006C344F /* CNBlog.framework in Embed Frameworks */ = {isa = PBXBuildFile; fileRef = 844183C023707F6A006C344F /* CNBlog.framework */; settings = {ATTRIBUTES = (CodeSignOnCopy, RemoveHeadersOnCopy, ); }; };
		844183CE23707FFF006C344F /* SideViewController.swift in Sources */ = {isa = PBXBuildFile; fileRef = 844183CD23707FFF006C344F /* SideViewController.swift */; };
		8FA8AE3D23F12CD500BCED44 /* Blog.framework in Frameworks */ = {isa = PBXBuildFile; fileRef = 8FA8AE3823F12CD500BCED44 /* Blog.framework */; };
		8FA8AE3E23F12CD500BCED44 /* Blog.framework in Embed Frameworks */ = {isa = PBXBuildFile; fileRef = 8FA8AE3823F12CD500BCED44 /* Blog.framework */; settings = {ATTRIBUTES = (CodeSignOnCopy, RemoveHeadersOnCopy, ); }; };
		8FA8AE3F23F12CD500BCED44 /* Compose.framework in Frameworks */ = {isa = PBXBuildFile; fileRef = 8FA8AE3923F12CD500BCED44 /* Compose.framework */; };
		8FA8AE4023F12CD500BCED44 /* Compose.framework in Embed Frameworks */ = {isa = PBXBuildFile; fileRef = 8FA8AE3923F12CD500BCED44 /* Compose.framework */; settings = {ATTRIBUTES = (CodeSignOnCopy, RemoveHeadersOnCopy, ); }; };
		8FA8AE4123F12CD500BCED44 /* Knowledge.framework in Frameworks */ = {isa = PBXBuildFile; fileRef = 8FA8AE3A23F12CD500BCED44 /* Knowledge.framework */; };
		8FA8AE4223F12CD500BCED44 /* Knowledge.framework in Embed Frameworks */ = {isa = PBXBuildFile; fileRef = 8FA8AE3A23F12CD500BCED44 /* Knowledge.framework */; settings = {ATTRIBUTES = (CodeSignOnCopy, RemoveHeadersOnCopy, ); }; };
		8FA8AE4323F12CD500BCED44 /* News.framework in Frameworks */ = {isa = PBXBuildFile; fileRef = 8FA8AE3B23F12CD500BCED44 /* News.framework */; };
		8FA8AE4423F12CD500BCED44 /* News.framework in Embed Frameworks */ = {isa = PBXBuildFile; fileRef = 8FA8AE3B23F12CD500BCED44 /* News.framework */; settings = {ATTRIBUTES = (CodeSignOnCopy, RemoveHeadersOnCopy, ); }; };
		8FA8AE4523F12CD500BCED44 /* Problem.framework in Frameworks */ = {isa = PBXBuildFile; fileRef = 8FA8AE3C23F12CD500BCED44 /* Problem.framework */; };
		8FA8AE4623F12CD500BCED44 /* Problem.framework in Embed Frameworks */ = {isa = PBXBuildFile; fileRef = 8FA8AE3C23F12CD500BCED44 /* Problem.framework */; settings = {ATTRIBUTES = (CodeSignOnCopy, RemoveHeadersOnCopy, ); }; };
		8FA8AE7D23F1371500BCED44 /* Common.framework in Frameworks */ = {isa = PBXBuildFile; fileRef = 8FA8AE7C23F1371500BCED44 /* Common.framework */; };
		8FA8AE7E23F1371500BCED44 /* Common.framework in Embed Frameworks */ = {isa = PBXBuildFile; fileRef = 8FA8AE7C23F1371500BCED44 /* Common.framework */; settings = {ATTRIBUTES = (CodeSignOnCopy, RemoveHeadersOnCopy, ); }; };
		8FB3413E23F97AA4008AECA8 /* README.md in Resources */ = {isa = PBXBuildFile; fileRef = 8FB3413D23F97AA4008AECA8 /* README.md */; };
		8FEC905F23F1822A00D3C044 /* Login.framework in Frameworks */ = {isa = PBXBuildFile; fileRef = 8FEC905E23F1822A00D3C044 /* Login.framework */; };
		8FEC906023F1822A00D3C044 /* Login.framework in Embed Frameworks */ = {isa = PBXBuildFile; fileRef = 8FEC905E23F1822A00D3C044 /* Login.framework */; settings = {ATTRIBUTES = (CodeSignOnCopy, RemoveHeadersOnCopy, ); }; };
		AA54FEF7BABCCB7B42EB7D4F /* Pods_CnBlogs_iOS.framework in Frameworks */ = {isa = PBXBuildFile; fileRef = 08601A6C1C7C87762DE73B2E /* Pods_CnBlogs_iOS.framework */; };
/* End PBXBuildFile section */

/* Begin PBXContainerItemProxy section */
		844183C523707F6A006C344F /* PBXContainerItemProxy */ = {
			isa = PBXContainerItemProxy;
			containerPortal = 8416AC59236DD7F9003BF380 /* Project object */;
			proxyType = 1;
			remoteGlobalIDString = 844183BF23707F6A006C344F;
			remoteInfo = CNBlog;
		};
/* End PBXContainerItemProxy section */

/* Begin PBXCopyFilesBuildPhase section */
		844183CC23707F6A006C344F /* Embed Frameworks */ = {
			isa = PBXCopyFilesBuildPhase;
			buildActionMask = 2147483647;
			dstPath = "";
			dstSubfolderSpec = 10;
			files = (
				8FA8AE3E23F12CD500BCED44 /* Blog.framework in Embed Frameworks */,
				844183C823707F6A006C344F /* CNBlog.framework in Embed Frameworks */,
				8FA8AE4623F12CD500BCED44 /* Problem.framework in Embed Frameworks */,
				8FA8AE4023F12CD500BCED44 /* Compose.framework in Embed Frameworks */,
				8FEC906023F1822A00D3C044 /* Login.framework in Embed Frameworks */,
				8FA8AE7E23F1371500BCED44 /* Common.framework in Embed Frameworks */,
				8FA8AE4423F12CD500BCED44 /* News.framework in Embed Frameworks */,
				8FA8AE4223F12CD500BCED44 /* Knowledge.framework in Embed Frameworks */,
			);
			name = "Embed Frameworks";
			runOnlyForDeploymentPostprocessing = 0;
		};
/* End PBXCopyFilesBuildPhase section */

/* Begin PBXFileReference section */
		08601A6C1C7C87762DE73B2E /* Pods_CnBlogs_iOS.framework */ = {isa = PBXFileReference; explicitFileType = wrapper.framework; includeInIndex = 0; path = Pods_CnBlogs_iOS.framework; sourceTree = BUILT_PRODUCTS_DIR; };
		18B26E5BE31FCA729799FD42 /* Pods-CnBlogs-iOS.debug.xcconfig */ = {isa = PBXFileReference; includeInIndex = 1; lastKnownFileType = text.xcconfig; name = "Pods-CnBlogs-iOS.debug.xcconfig"; path = "Target Support Files/Pods-CnBlogs-iOS/Pods-CnBlogs-iOS.debug.xcconfig"; sourceTree = "<group>"; };
		5380A6D5F8DAFDD5BE47919E /* Pods-CnBlogs-iOS.release.xcconfig */ = {isa = PBXFileReference; includeInIndex = 1; lastKnownFileType = text.xcconfig; name = "Pods-CnBlogs-iOS.release.xcconfig"; path = "Target Support Files/Pods-CnBlogs-iOS/Pods-CnBlogs-iOS.release.xcconfig"; sourceTree = "<group>"; };
		74A54A173E111982F4456C8A /* Pods-CNBlog.debug.xcconfig */ = {isa = PBXFileReference; includeInIndex = 1; lastKnownFileType = text.xcconfig; name = "Pods-CNBlog.debug.xcconfig"; path = "Target Support Files/Pods-CNBlog/Pods-CNBlog.debug.xcconfig"; sourceTree = "<group>"; };
		8416AC61236DD7F9003BF380 /* CnBlogs-iOS.app */ = {isa = PBXFileReference; explicitFileType = wrapper.application; includeInIndex = 0; path = "CnBlogs-iOS.app"; sourceTree = BUILT_PRODUCTS_DIR; };
		8416AC64236DD7F9003BF380 /* AppDelegate.swift */ = {isa = PBXFileReference; lastKnownFileType = sourcecode.swift; path = AppDelegate.swift; sourceTree = "<group>"; };
		8416AC6B236DD7F9003BF380 /* Base */ = {isa = PBXFileReference; lastKnownFileType = file.storyboard; name = Base; path = Base.lproj/Main.storyboard; sourceTree = "<group>"; };
		8416AC6D236DD7FB003BF380 /* Assets.xcassets */ = {isa = PBXFileReference; lastKnownFileType = folder.assetcatalog; path = Assets.xcassets; sourceTree = "<group>"; };
		8416AC70236DD7FB003BF380 /* Base */ = {isa = PBXFileReference; lastKnownFileType = file.storyboard; name = Base; path = Base.lproj/LaunchScreen.storyboard; sourceTree = "<group>"; };
		8416AC72236DD7FB003BF380 /* Info.plist */ = {isa = PBXFileReference; lastKnownFileType = text.plist.xml; path = Info.plist; sourceTree = "<group>"; };
		844183AD236F1C9F006C344F /* MainViewController.swift */ = {isa = PBXFileReference; lastKnownFileType = sourcecode.swift; path = MainViewController.swift; sourceTree = "<group>"; };
		844183C023707F6A006C344F /* CNBlog.framework */ = {isa = PBXFileReference; explicitFileType = wrapper.framework; includeInIndex = 0; path = CNBlog.framework; sourceTree = BUILT_PRODUCTS_DIR; };
		844183C223707F6A006C344F /* CNBlog.h */ = {isa = PBXFileReference; lastKnownFileType = sourcecode.c.h; path = CNBlog.h; sourceTree = "<group>"; };
		844183C323707F6A006C344F /* Info.plist */ = {isa = PBXFileReference; lastKnownFileType = text.plist.xml; path = Info.plist; sourceTree = "<group>"; };
		844183CD23707FFF006C344F /* SideViewController.swift */ = {isa = PBXFileReference; lastKnownFileType = sourcecode.swift; path = SideViewController.swift; sourceTree = "<group>"; };
		8FA8AE3823F12CD500BCED44 /* Blog.framework */ = {isa = PBXFileReference; explicitFileType = wrapper.framework; path = Blog.framework; sourceTree = BUILT_PRODUCTS_DIR; };
		8FA8AE3923F12CD500BCED44 /* Compose.framework */ = {isa = PBXFileReference; explicitFileType = wrapper.framework; path = Compose.framework; sourceTree = BUILT_PRODUCTS_DIR; };
		8FA8AE3A23F12CD500BCED44 /* Knowledge.framework */ = {isa = PBXFileReference; explicitFileType = wrapper.framework; path = Knowledge.framework; sourceTree = BUILT_PRODUCTS_DIR; };
		8FA8AE3B23F12CD500BCED44 /* News.framework */ = {isa = PBXFileReference; explicitFileType = wrapper.framework; path = News.framework; sourceTree = BUILT_PRODUCTS_DIR; };
		8FA8AE3C23F12CD500BCED44 /* Problem.framework */ = {isa = PBXFileReference; explicitFileType = wrapper.framework; path = Problem.framework; sourceTree = BUILT_PRODUCTS_DIR; };
		8FA8AE5E23F1310500BCED44 /* Login.framework */ = {isa = PBXFileReference; explicitFileType = wrapper.framework; path = Login.framework; sourceTree = BUILT_PRODUCTS_DIR; };
		8FA8AE7C23F1371500BCED44 /* Common.framework */ = {isa = PBXFileReference; explicitFileType = wrapper.framework; path = Common.framework; sourceTree = BUILT_PRODUCTS_DIR; };
		8FB3413D23F97AA4008AECA8 /* README.md */ = {isa = PBXFileReference; fileEncoding = 4; lastKnownFileType = net.daringfireball.markdown; path = README.md; sourceTree = "<group>"; };
		8FEC905E23F1822A00D3C044 /* Login.framework */ = {isa = PBXFileReference; explicitFileType = wrapper.framework; path = Login.framework; sourceTree = BUILT_PRODUCTS_DIR; };
		B47E71AFE955F49C1971C568 /* Pods_CNBlog.framework */ = {isa = PBXFileReference; explicitFileType = wrapper.framework; includeInIndex = 0; path = Pods_CNBlog.framework; sourceTree = BUILT_PRODUCTS_DIR; };
		E1663C798653971C8681336B /* Pods-CNBlog.release.xcconfig */ = {isa = PBXFileReference; includeInIndex = 1; lastKnownFileType = text.xcconfig; name = "Pods-CNBlog.release.xcconfig"; path = "Target Support Files/Pods-CNBlog/Pods-CNBlog.release.xcconfig"; sourceTree = "<group>"; };
/* End PBXFileReference section */

/* Begin PBXFrameworksBuildPhase section */
		8416AC5E236DD7F9003BF380 /* Frameworks */ = {
			isa = PBXFrameworksBuildPhase;
			buildActionMask = 2147483647;
			files = (
				8FA8AE3D23F12CD500BCED44 /* Blog.framework in Frameworks */,
				844183C723707F6A006C344F /* CNBlog.framework in Frameworks */,
				8FA8AE4523F12CD500BCED44 /* Problem.framework in Frameworks */,
				8FA8AE3F23F12CD500BCED44 /* Compose.framework in Frameworks */,
				8FA8AE7D23F1371500BCED44 /* Common.framework in Frameworks */,
				8FA8AE4323F12CD500BCED44 /* News.framework in Frameworks */,
				8FA8AE4123F12CD500BCED44 /* Knowledge.framework in Frameworks */,
				8FEC905F23F1822A00D3C044 /* Login.framework in Frameworks */,
				AA54FEF7BABCCB7B42EB7D4F /* Pods_CnBlogs_iOS.framework in Frameworks */,
			);
			runOnlyForDeploymentPostprocessing = 0;
		};
		844183BD23707F6A006C344F /* Frameworks */ = {
			isa = PBXFrameworksBuildPhase;
			buildActionMask = 2147483647;
			files = (
				59D7C63221337F405A56E23B /* Pods_CNBlog.framework in Frameworks */,
			);
			runOnlyForDeploymentPostprocessing = 0;
		};
/* End PBXFrameworksBuildPhase section */

/* Begin PBXGroup section */
		23BF1CF2879BA4FC3A3F0AEB /* Pods */ = {
			isa = PBXGroup;
			children = (
				74A54A173E111982F4456C8A /* Pods-CNBlog.debug.xcconfig */,
				E1663C798653971C8681336B /* Pods-CNBlog.release.xcconfig */,
				18B26E5BE31FCA729799FD42 /* Pods-CnBlogs-iOS.debug.xcconfig */,
				5380A6D5F8DAFDD5BE47919E /* Pods-CnBlogs-iOS.release.xcconfig */,
			);
			path = Pods;
			sourceTree = "<group>";
		};
		8416AC58236DD7F9003BF380 = {
			isa = PBXGroup;
			children = (
				8FB3413D23F97AA4008AECA8 /* README.md */,
				8416AC63236DD7F9003BF380 /* CnBlogs-iOS */,
				844183C123707F6A006C344F /* CNBlog */,
				8416AC62236DD7F9003BF380 /* Products */,
				8FA8AE3723F12CD500BCED44 /* Frameworks */,
				23BF1CF2879BA4FC3A3F0AEB /* Pods */,
			);
			sourceTree = "<group>";
		};
		8416AC62236DD7F9003BF380 /* Products */ = {
			isa = PBXGroup;
			children = (
				8416AC61236DD7F9003BF380 /* CnBlogs-iOS.app */,
				844183C023707F6A006C344F /* CNBlog.framework */,
			);
			name = Products;
			sourceTree = "<group>";
		};
		8416AC63236DD7F9003BF380 /* CnBlogs-iOS */ = {
			isa = PBXGroup;
			children = (
				8416AC64236DD7F9003BF380 /* AppDelegate.swift */,
				8416AC6A236DD7F9003BF380 /* Main.storyboard */,
				844183CD23707FFF006C344F /* SideViewController.swift */,
				844183AD236F1C9F006C344F /* MainViewController.swift */,
				8416AC6D236DD7FB003BF380 /* Assets.xcassets */,
				8416AC6F236DD7FB003BF380 /* LaunchScreen.storyboard */,
				8416AC72236DD7FB003BF380 /* Info.plist */,
			);
			path = "CnBlogs-iOS";
			sourceTree = "<group>";
		};
		844183C123707F6A006C344F /* CNBlog */ = {
			isa = PBXGroup;
			children = (
				844183C223707F6A006C344F /* CNBlog.h */,
				844183C323707F6A006C344F /* Info.plist */,
			);
			path = CNBlog;
			sourceTree = "<group>";
		};
		8FA8AE3723F12CD500BCED44 /* Frameworks */ = {
			isa = PBXGroup;
			children = (
				8FEC905E23F1822A00D3C044 /* Login.framework */,
				8FA8AE7C23F1371500BCED44 /* Common.framework */,
				8FA8AE5E23F1310500BCED44 /* Login.framework */,
				8FA8AE3823F12CD500BCED44 /* Blog.framework */,
				8FA8AE3923F12CD500BCED44 /* Compose.framework */,
				8FA8AE3A23F12CD500BCED44 /* Knowledge.framework */,
				8FA8AE3B23F12CD500BCED44 /* News.framework */,
				8FA8AE3C23F12CD500BCED44 /* Problem.framework */,
				B47E71AFE955F49C1971C568 /* Pods_CNBlog.framework */,
				08601A6C1C7C87762DE73B2E /* Pods_CnBlogs_iOS.framework */,
			);
			name = Frameworks;
			sourceTree = "<group>";
		};
/* End PBXGroup section */

/* Begin PBXHeadersBuildPhase section */
		844183BB23707F6A006C344F /* Headers */ = {
			isa = PBXHeadersBuildPhase;
			buildActionMask = 2147483647;
			files = (
				844183C423707F6A006C344F /* CNBlog.h in Headers */,
			);
			runOnlyForDeploymentPostprocessing = 0;
		};
/* End PBXHeadersBuildPhase section */

/* Begin PBXNativeTarget section */
		8416AC60236DD7F9003BF380 /* CnBlogs-iOS */ = {
			isa = PBXNativeTarget;
			buildConfigurationList = 8416AC75236DD7FB003BF380 /* Build configuration list for PBXNativeTarget "CnBlogs-iOS" */;
			buildPhases = (
				77370505799120DC93BE0AC1 /* [CP] Check Pods Manifest.lock */,
				8416AC5D236DD7F9003BF380 /* Sources */,
				8416AC5E236DD7F9003BF380 /* Frameworks */,
				8416AC5F236DD7F9003BF380 /* Resources */,
				844183CC23707F6A006C344F /* Embed Frameworks */,
				5A995116B99D2BC442E6CE6C /* [CP] Embed Pods Frameworks */,
			);
			buildRules = (
			);
			dependencies = (
				844183C623707F6A006C344F /* PBXTargetDependency */,
			);
			name = "CnBlogs-iOS";
			productName = "CnBlogs-iOS";
			productReference = 8416AC61236DD7F9003BF380 /* CnBlogs-iOS.app */;
			productType = "com.apple.product-type.application";
		};
		844183BF23707F6A006C344F /* CNBlog */ = {
			isa = PBXNativeTarget;
			buildConfigurationList = 844183C923707F6A006C344F /* Build configuration list for PBXNativeTarget "CNBlog" */;
			buildPhases = (
				A04737423A5A208744B1912A /* [CP] Check Pods Manifest.lock */,
				844183BB23707F6A006C344F /* Headers */,
				844183BC23707F6A006C344F /* Sources */,
				844183BD23707F6A006C344F /* Frameworks */,
				844183BE23707F6A006C344F /* Resources */,
			);
			buildRules = (
			);
			dependencies = (
			);
			name = CNBlog;
			productName = CNBlog;
			productReference = 844183C023707F6A006C344F /* CNBlog.framework */;
			productType = "com.apple.product-type.framework";
		};
/* End PBXNativeTarget section */

/* Begin PBXProject section */
		8416AC59236DD7F9003BF380 /* Project object */ = {
			isa = PBXProject;
			attributes = {
				LastSwiftUpdateCheck = 1120;
				LastUpgradeCheck = 1120;
				ORGANIZATIONNAME = rsenjoyer;
				TargetAttributes = {
					8416AC60236DD7F9003BF380 = {
						CreatedOnToolsVersion = 11.2;
					};
					844183BF23707F6A006C344F = {
						CreatedOnToolsVersion = 11.2;
					};
				};
			};
			buildConfigurationList = 8416AC5C236DD7F9003BF380 /* Build configuration list for PBXProject "CnBlogs-iOS" */;
			compatibilityVersion = "Xcode 9.3";
			developmentRegion = en;
			hasScannedForEncodings = 0;
			knownRegions = (
				en,
				Base,
			);
			mainGroup = 8416AC58236DD7F9003BF380;
			productRefGroup = 8416AC62236DD7F9003BF380 /* Products */;
			projectDirPath = "";
			projectRoot = "";
			targets = (
				8416AC60236DD7F9003BF380 /* CnBlogs-iOS */,
				844183BF23707F6A006C344F /* CNBlog */,
			);
		};
/* End PBXProject section */

/* Begin PBXResourcesBuildPhase section */
		8416AC5F236DD7F9003BF380 /* Resources */ = {
			isa = PBXResourcesBuildPhase;
			buildActionMask = 2147483647;
			files = (
				8416AC71236DD7FB003BF380 /* LaunchScreen.storyboard in Resources */,
				8416AC6E236DD7FB003BF380 /* Assets.xcassets in Resources */,
				8FB3413E23F97AA4008AECA8 /* README.md in Resources */,
				8416AC6C236DD7F9003BF380 /* Main.storyboard in Resources */,
			);
			runOnlyForDeploymentPostprocessing = 0;
		};
		844183BE23707F6A006C344F /* Resources */ = {
			isa = PBXResourcesBuildPhase;
			buildActionMask = 2147483647;
			files = (
			);
			runOnlyForDeploymentPostprocessing = 0;
		};
/* End PBXResourcesBuildPhase section */

/* Begin PBXShellScriptBuildPhase section */
		5A995116B99D2BC442E6CE6C /* [CP] Embed Pods Frameworks */ = {
			isa = PBXShellScriptBuildPhase;
			buildActionMask = 2147483647;
			files = (
			);
			inputFileListPaths = (
				"${PODS_ROOT}/Target Support Files/Pods-CnBlogs-iOS/Pods-CnBlogs-iOS-frameworks-${CONFIGURATION}-input-files.xcfilelist",
			);
			name = "[CP] Embed Pods Frameworks";
			outputFileListPaths = (
				"${PODS_ROOT}/Target Support Files/Pods-CnBlogs-iOS/Pods-CnBlogs-iOS-frameworks-${CONFIGURATION}-output-files.xcfilelist",
			);
			runOnlyForDeploymentPostprocessing = 0;
			shellPath = /bin/sh;
			shellScript = "\"${PODS_ROOT}/Target Support Files/Pods-CnBlogs-iOS/Pods-CnBlogs-iOS-frameworks.sh\"\n";
			showEnvVarsInLog = 0;
		};
		77370505799120DC93BE0AC1 /* [CP] Check Pods Manifest.lock */ = {
			isa = PBXShellScriptBuildPhase;
			buildActionMask = 2147483647;
			files = (
			);
			inputFileListPaths = (
			);
			inputPaths = (
				"${PODS_PODFILE_DIR_PATH}/Podfile.lock",
				"${PODS_ROOT}/Manifest.lock",
			);
			name = "[CP] Check Pods Manifest.lock";
			outputFileListPaths = (
			);
			outputPaths = (
				"$(DERIVED_FILE_DIR)/Pods-CnBlogs-iOS-checkManifestLockResult.txt",
			);
			runOnlyForDeploymentPostprocessing = 0;
			shellPath = /bin/sh;
			shellScript = "diff \"${PODS_PODFILE_DIR_PATH}/Podfile.lock\" \"${PODS_ROOT}/Manifest.lock\" > /dev/null\nif [ $? != 0 ] ; then\n    # print error to STDERR\n    echo \"error: The sandbox is not in sync with the Podfile.lock. Run 'pod install' or update your CocoaPods installation.\" >&2\n    exit 1\nfi\n# This output is used by Xcode 'outputs' to avoid re-running this script phase.\necho \"SUCCESS\" > \"${SCRIPT_OUTPUT_FILE_0}\"\n";
			showEnvVarsInLog = 0;
		};
		A04737423A5A208744B1912A /* [CP] Check Pods Manifest.lock */ = {
			isa = PBXShellScriptBuildPhase;
			buildActionMask = 2147483647;
			files = (
			);
			inputFileListPaths = (
			);
			inputPaths = (
				"${PODS_PODFILE_DIR_PATH}/Podfile.lock",
				"${PODS_ROOT}/Manifest.lock",
			);
			name = "[CP] Check Pods Manifest.lock";
			outputFileListPaths = (
			);
			outputPaths = (
				"$(DERIVED_FILE_DIR)/Pods-CNBlog-checkManifestLockResult.txt",
			);
			runOnlyForDeploymentPostprocessing = 0;
			shellPath = /bin/sh;
			shellScript = "diff \"${PODS_PODFILE_DIR_PATH}/Podfile.lock\" \"${PODS_ROOT}/Manifest.lock\" > /dev/null\nif [ $? != 0 ] ; then\n    # print error to STDERR\n    echo \"error: The sandbox is not in sync with the Podfile.lock. Run 'pod install' or update your CocoaPods installation.\" >&2\n    exit 1\nfi\n# This output is used by Xcode 'outputs' to avoid re-running this script phase.\necho \"SUCCESS\" > \"${SCRIPT_OUTPUT_FILE_0}\"\n";
			showEnvVarsInLog = 0;
		};
/* End PBXShellScriptBuildPhase section */

/* Begin PBXSourcesBuildPhase section */
		8416AC5D236DD7F9003BF380 /* Sources */ = {
			isa = PBXSourcesBuildPhase;
			buildActionMask = 2147483647;
			files = (
				844183AE236F1C9F006C344F /* MainViewController.swift in Sources */,
				844183CE23707FFF006C344F /* SideViewController.swift in Sources */,
				8416AC65236DD7F9003BF380 /* AppDelegate.swift in Sources */,
			);
			runOnlyForDeploymentPostprocessing = 0;
		};
		844183BC23707F6A006C344F /* Sources */ = {
			isa = PBXSourcesBuildPhase;
			buildActionMask = 2147483647;
			files = (
			);
			runOnlyForDeploymentPostprocessing = 0;
		};
/* End PBXSourcesBuildPhase section */

/* Begin PBXTargetDependency section */
		844183C623707F6A006C344F /* PBXTargetDependency */ = {
			isa = PBXTargetDependency;
			target = 844183BF23707F6A006C344F /* CNBlog */;
			targetProxy = 844183C523707F6A006C344F /* PBXContainerItemProxy */;
		};
/* End PBXTargetDependency section */

/* Begin PBXVariantGroup section */
		8416AC6A236DD7F9003BF380 /* Main.storyboard */ = {
			isa = PBXVariantGroup;
			children = (
				8416AC6B236DD7F9003BF380 /* Base */,
			);
			name = Main.storyboard;
			sourceTree = "<group>";
		};
		8416AC6F236DD7FB003BF380 /* LaunchScreen.storyboard */ = {
			isa = PBXVariantGroup;
			children = (
				8416AC70236DD7FB003BF380 /* Base */,
			);
			name = LaunchScreen.storyboard;
			sourceTree = "<group>";
		};
/* End PBXVariantGroup section */

/* Begin XCBuildConfiguration section */
		8416AC73236DD7FB003BF380 /* Debug */ = {
			isa = XCBuildConfiguration;
			buildSettings = {
				ALWAYS_SEARCH_USER_PATHS = NO;
				CLANG_ANALYZER_NONNULL = YES;
				CLANG_ANALYZER_NUMBER_OBJECT_CONVERSION = YES_AGGRESSIVE;
				CLANG_CXX_LANGUAGE_STANDARD = "gnu++14";
				CLANG_CXX_LIBRARY = "libc++";
				CLANG_ENABLE_MODULES = YES;
				CLANG_ENABLE_OBJC_ARC = YES;
				CLANG_ENABLE_OBJC_WEAK = YES;
				CLANG_WARN_BLOCK_CAPTURE_AUTORELEASING = YES;
				CLANG_WARN_BOOL_CONVERSION = YES;
				CLANG_WARN_COMMA = YES;
				CLANG_WARN_CONSTANT_CONVERSION = YES;
				CLANG_WARN_DEPRECATED_OBJC_IMPLEMENTATIONS = YES;
				CLANG_WARN_DIRECT_OBJC_ISA_USAGE = YES_ERROR;
				CLANG_WARN_DOCUMENTATION_COMMENTS = YES;
				CLANG_WARN_EMPTY_BODY = YES;
				CLANG_WARN_ENUM_CONVERSION = YES;
				CLANG_WARN_INFINITE_RECURSION = YES;
				CLANG_WARN_INT_CONVERSION = YES;
				CLANG_WARN_NON_LITERAL_NULL_CONVERSION = YES;
				CLANG_WARN_OBJC_IMPLICIT_RETAIN_SELF = YES;
				CLANG_WARN_OBJC_LITERAL_CONVERSION = YES;
				CLANG_WARN_OBJC_ROOT_CLASS = YES_ERROR;
				CLANG_WARN_RANGE_LOOP_ANALYSIS = YES;
				CLANG_WARN_STRICT_PROTOTYPES = YES;
				CLANG_WARN_SUSPICIOUS_MOVE = YES;
				CLANG_WARN_UNGUARDED_AVAILABILITY = YES_AGGRESSIVE;
				CLANG_WARN_UNREACHABLE_CODE = YES;
				CLANG_WARN__DUPLICATE_METHOD_MATCH = YES;
				COPY_PHASE_STRIP = NO;
				DEBUG_INFORMATION_FORMAT = dwarf;
				ENABLE_STRICT_OBJC_MSGSEND = YES;
				ENABLE_TESTABILITY = YES;
				GCC_C_LANGUAGE_STANDARD = gnu11;
				GCC_DYNAMIC_NO_PIC = NO;
				GCC_NO_COMMON_BLOCKS = YES;
				GCC_OPTIMIZATION_LEVEL = 0;
				GCC_PREPROCESSOR_DEFINITIONS = (
					"DEBUG=1",
					"$(inherited)",
				);
				GCC_WARN_64_TO_32_BIT_CONVERSION = YES;
				GCC_WARN_ABOUT_RETURN_TYPE = YES_ERROR;
				GCC_WARN_UNDECLARED_SELECTOR = YES;
				GCC_WARN_UNINITIALIZED_AUTOS = YES_AGGRESSIVE;
				GCC_WARN_UNUSED_FUNCTION = YES;
				GCC_WARN_UNUSED_VARIABLE = YES;
				IPHONEOS_DEPLOYMENT_TARGET = 9.0;
				MTL_ENABLE_DEBUG_INFO = INCLUDE_SOURCE;
				MTL_FAST_MATH = YES;
				ONLY_ACTIVE_ARCH = YES;
				SDKROOT = iphoneos;
				SWIFT_ACTIVE_COMPILATION_CONDITIONS = DEBUG;
				SWIFT_OPTIMIZATION_LEVEL = "-Onone";
			};
			name = Debug;
		};
		8416AC74236DD7FB003BF380 /* Release */ = {
			isa = XCBuildConfiguration;
			buildSettings = {
				ALWAYS_SEARCH_USER_PATHS = NO;
				CLANG_ANALYZER_NONNULL = YES;
				CLANG_ANALYZER_NUMBER_OBJECT_CONVERSION = YES_AGGRESSIVE;
				CLANG_CXX_LANGUAGE_STANDARD = "gnu++14";
				CLANG_CXX_LIBRARY = "libc++";
				CLANG_ENABLE_MODULES = YES;
				CLANG_ENABLE_OBJC_ARC = YES;
				CLANG_ENABLE_OBJC_WEAK = YES;
				CLANG_WARN_BLOCK_CAPTURE_AUTORELEASING = YES;
				CLANG_WARN_BOOL_CONVERSION = YES;
				CLANG_WARN_COMMA = YES;
				CLANG_WARN_CONSTANT_CONVERSION = YES;
				CLANG_WARN_DEPRECATED_OBJC_IMPLEMENTATIONS = YES;
				CLANG_WARN_DIRECT_OBJC_ISA_USAGE = YES_ERROR;
				CLANG_WARN_DOCUMENTATION_COMMENTS = YES;
				CLANG_WARN_EMPTY_BODY = YES;
				CLANG_WARN_ENUM_CONVERSION = YES;
				CLANG_WARN_INFINITE_RECURSION = YES;
				CLANG_WARN_INT_CONVERSION = YES;
				CLANG_WARN_NON_LITERAL_NULL_CONVERSION = YES;
				CLANG_WARN_OBJC_IMPLICIT_RETAIN_SELF = YES;
				CLANG_WARN_OBJC_LITERAL_CONVERSION = YES;
				CLANG_WARN_OBJC_ROOT_CLASS = YES_ERROR;
				CLANG_WARN_RANGE_LOOP_ANALYSIS = YES;
				CLANG_WARN_STRICT_PROTOTYPES = YES;
				CLANG_WARN_SUSPICIOUS_MOVE = YES;
				CLANG_WARN_UNGUARDED_AVAILABILITY = YES_AGGRESSIVE;
				CLANG_WARN_UNREACHABLE_CODE = YES;
				CLANG_WARN__DUPLICATE_METHOD_MATCH = YES;
				COPY_PHASE_STRIP = NO;
				DEBUG_INFORMATION_FORMAT = "dwarf-with-dsym";
				ENABLE_NS_ASSERTIONS = NO;
				ENABLE_STRICT_OBJC_MSGSEND = YES;
				GCC_C_LANGUAGE_STANDARD = gnu11;
				GCC_NO_COMMON_BLOCKS = YES;
				GCC_WARN_64_TO_32_BIT_CONVERSION = YES;
				GCC_WARN_ABOUT_RETURN_TYPE = YES_ERROR;
				GCC_WARN_UNDECLARED_SELECTOR = YES;
				GCC_WARN_UNINITIALIZED_AUTOS = YES_AGGRESSIVE;
				GCC_WARN_UNUSED_FUNCTION = YES;
				GCC_WARN_UNUSED_VARIABLE = YES;
				IPHONEOS_DEPLOYMENT_TARGET = 9.0;
				MTL_ENABLE_DEBUG_INFO = NO;
				MTL_FAST_MATH = YES;
				SDKROOT = iphoneos;
				SWIFT_COMPILATION_MODE = wholemodule;
				SWIFT_OPTIMIZATION_LEVEL = "-O";
				VALIDATE_PRODUCT = YES;
			};
			name = Release;
		};
		8416AC76236DD7FB003BF380 /* Debug */ = {
			isa = XCBuildConfiguration;
			baseConfigurationReference = 18B26E5BE31FCA729799FD42 /* Pods-CnBlogs-iOS.debug.xcconfig */;
			buildSettings = {
				ASSETCATALOG_COMPILER_APPICON_NAME = AppIcon;
				CODE_SIGN_STYLE = Automatic;
				DEVELOPMENT_TEAM = 85V32XYZPL;
				INFOPLIST_FILE = "CnBlogs-iOS/Info.plist";
				IPHONEOS_DEPLOYMENT_TARGET = 9.0;
				LD_RUNPATH_SEARCH_PATHS = (
					"$(inherited)",
					"@executable_path/Frameworks",
				);
				PRODUCT_BUNDLE_IDENTIFIER = "io.github.rsenjoyer.CnBlogs-iOS";
				PRODUCT_NAME = "$(TARGET_NAME)";
				SWIFT_VERSION = 5.0;
				TARGETED_DEVICE_FAMILY = 1;
			};
			name = Debug;
		};
		8416AC77236DD7FB003BF380 /* Release */ = {
			isa = XCBuildConfiguration;
			baseConfigurationReference = 5380A6D5F8DAFDD5BE47919E /* Pods-CnBlogs-iOS.release.xcconfig */;
			buildSettings = {
				ASSETCATALOG_COMPILER_APPICON_NAME = AppIcon;
				CODE_SIGN_STYLE = Automatic;
				DEVELOPMENT_TEAM = 85V32XYZPL;
				INFOPLIST_FILE = "CnBlogs-iOS/Info.plist";
				IPHONEOS_DEPLOYMENT_TARGET = 9.0;
				LD_RUNPATH_SEARCH_PATHS = (
					"$(inherited)",
					"@executable_path/Frameworks",
				);
				PRODUCT_BUNDLE_IDENTIFIER = "io.github.rsenjoyer.CnBlogs-iOS";
				PRODUCT_NAME = "$(TARGET_NAME)";
				SWIFT_VERSION = 5.0;
				TARGETED_DEVICE_FAMILY = 1;
			};
			name = Release;
		};
		844183CA23707F6A006C344F /* Debug */ = {
			isa = XCBuildConfiguration;
			baseConfigurationReference = 74A54A173E111982F4456C8A /* Pods-CNBlog.debug.xcconfig */;
			buildSettings = {
				CODE_SIGN_STYLE = Automatic;
				CURRENT_PROJECT_VERSION = 1;
				DEFINES_MODULE = YES;
				DEVELOPMENT_TEAM = 85V32XYZPL;
				DYLIB_COMPATIBILITY_VERSION = 1;
				DYLIB_CURRENT_VERSION = 1;
				DYLIB_INSTALL_NAME_BASE = "@rpath";
				INFOPLIST_FILE = CNBlog/Info.plist;
				INSTALL_PATH = "$(LOCAL_LIBRARY_DIR)/Frameworks";
				LD_RUNPATH_SEARCH_PATHS = (
					"$(inherited)",
					"@executable_path/Frameworks",
					"@loader_path/Frameworks",
				);
				PRODUCT_BUNDLE_IDENTIFIER = io.github.rsenjoyer.CNBlog;
				PRODUCT_NAME = "$(TARGET_NAME:c99extidentifier)";
				SKIP_INSTALL = YES;
				SWIFT_VERSION = 5.0;
				TARGETED_DEVICE_FAMILY = "1,2";
				VERSIONING_SYSTEM = "apple-generic";
				VERSION_INFO_PREFIX = "";
			};
			name = Debug;
		};
		844183CB23707F6A006C344F /* Release */ = {
			isa = XCBuildConfiguration;
			baseConfigurationReference = E1663C798653971C8681336B /* Pods-CNBlog.release.xcconfig */;
			buildSettings = {
				CODE_SIGN_STYLE = Automatic;
				CURRENT_PROJECT_VERSION = 1;
				DEFINES_MODULE = YES;
				DEVELOPMENT_TEAM = 85V32XYZPL;
				DYLIB_COMPATIBILITY_VERSION = 1;
				DYLIB_CURRENT_VERSION = 1;
				DYLIB_INSTALL_NAME_BASE = "@rpath";
				INFOPLIST_FILE = CNBlog/Info.plist;
				INSTALL_PATH = "$(LOCAL_LIBRARY_DIR)/Frameworks";
				LD_RUNPATH_SEARCH_PATHS = (
					"$(inherited)",
					"@executable_path/Frameworks",
					"@loader_path/Frameworks",
				);
				PRODUCT_BUNDLE_IDENTIFIER = io.github.rsenjoyer.CNBlog;
				PRODUCT_NAME = "$(TARGET_NAME:c99extidentifier)";
				SKIP_INSTALL = YES;
				SWIFT_VERSION = 5.0;
				TARGETED_DEVICE_FAMILY = "1,2";
				VERSIONING_SYSTEM = "apple-generic";
				VERSION_INFO_PREFIX = "";
			};
			name = Release;
		};
/* End XCBuildConfiguration section */

/* Begin XCConfigurationList section */
		8416AC5C236DD7F9003BF380 /* Build configuration list for PBXProject "CnBlogs-iOS" */ = {
			isa = XCConfigurationList;
			buildConfigurations = (
				8416AC73236DD7FB003BF380 /* Debug */,
				8416AC74236DD7FB003BF380 /* Release */,
			);
			defaultConfigurationIsVisible = 0;
			defaultConfigurationName = Release;
		};
		8416AC75236DD7FB003BF380 /* Build configuration list for PBXNativeTarget "CnBlogs-iOS" */ = {
			isa = XCConfigurationList;
			buildConfigurations = (
				8416AC76236DD7FB003BF380 /* Debug */,
				8416AC77236DD7FB003BF380 /* Release */,
			);
			defaultConfigurationIsVisible = 0;
			defaultConfigurationName = Release;
		};
		844183C923707F6A006C344F /* Build configuration list for PBXNativeTarget "CNBlog" */ = {
			isa = XCConfigurationList;
			buildConfigurations = (
				844183CA23707F6A006C344F /* Debug */,
				844183CB23707F6A006C344F /* Release */,
			);
			defaultConfigurationIsVisible = 0;
			defaultConfigurationName = Release;
		};
/* End XCConfigurationList section */
	};
	rootObject = 8416AC59236DD7F9003BF380 /* Project object */;
}
